
Microsoft Visual Studio Solution File, Format Version 12.00
# Visual Studio Version 16
VisualStudioVersion = 16.0.31702.278
MinimumVisualStudioVersion = 10.0.40219.1
Project("{2150E333-8FDC-42A3-9474-1A3956D46DE8}") = "Services", "Services", "{149CB37E-52B4-4806-B605-F9E3BB414CD0}"
EndProject
Project("{2150E333-8FDC-42A3-9474-1A3956D46DE8}") = "Catalog", "Catalog", "{739C3B4E-2162-46A3-8D48-58137276CB25}"
EndProject
Project("{FAE04EC0-301F-11D3-BF4B-00C04F79EFBC}") = "Catalog.API", "Services\Catalog\Catalog.API\Catalog.API.csproj", "{D77FC8FE-9BFD-415C-977E-52C49C610B66}"
EndProject
Global
	GlobalSection(SolutionConfigurationPlatforms) = preSolution
		Debug|Any CPU = Debug|Any CPU
		Release|Any CPU = Release|Any CPU
	EndGlobalSection
	GlobalSection(ProjectConfigurationPlatforms) = postSolution
		{D77FC8FE-9BFD-415C-977E-52C49C610B66}.Debug|Any CPU.ActiveCfg = Debug|Any CPU
		{D77FC8FE-9BFD-415C-977E-52C49C610B66}.Debug|Any CPU.Build.0 = Debug|Any CPU
		{D77FC8FE-9BFD-415C-977E-52C49C610B66}.Release|Any CPU.ActiveCfg = Release|Any CPU
		{D77FC8FE-9BFD-415C-977E-52C49C610B66}.Release|Any CPU.Build.0 = Release|Any CPU
	EndGlobalSection
	GlobalSection(SolutionProperties) = preSolution
		HideSolutionNode = FALSE
	EndGlobalSection
	GlobalSection(NestedProjects) = preSolution
		{739C3B4E-2162-46A3-8D48-58137276CB25} = {149CB37E-52B4-4806-B605-F9E3BB414CD0}
		{D77FC8FE-9BFD-415C-977E-52C49C610B66} = {739C3B4E-2162-46A3-8D48-58137276CB25}
	EndGlobalSection
	GlobalSection(ExtensibilityGlobals) = postSolution
		SolutionGuid = {D9A7D84B-CE79-4600-94B5-3B834ACB5935}
	EndGlobalSection
EndGlobal
